
Microsoft Visual Studio Solution File, Format Version 12.00
# Visual Studio Version 16
VisualStudioVersion = 16.0.31702.278
MinimumVisualStudioVersion = 10.0.40219.1
Project("{9A19103F-16F7-4668-BE54-9A1E7A4F7556}") = "Challenge1", "Challenge1\Challenge1.csproj", "{7A11DC95-C7C1-426A-A729-B630E3178330}"
EndProject
Project("{9A19103F-16F7-4668-BE54-9A1E7A4F7556}") = "Characters.UnitTests", "Characters.UnitTests\Characters.UnitTests.csproj", "{89662DCF-7DF4-4708-BDA1-42AE2C7E85B0}"
EndProject
Global
	GlobalSection(SolutionConfigurationPlatforms) = preSolution
		Debug|Any CPU = Debug|Any CPU
		Release|Any CPU = Release|Any CPU
	EndGlobalSection
	GlobalSection(ProjectConfigurationPlatforms) = postSolution
		{7A11DC95-C7C1-426A-A729-B630E3178330}.Debug|Any CPU.ActiveCfg = Debug|Any CPU
		{7A11DC95-C7C1-426A-A729-B630E3178330}.Debug|Any CPU.Build.0 = Debug|Any CPU
		{7A11DC95-C7C1-426A-A729-B630E3178330}.Release|Any CPU.ActiveCfg = Release|Any CPU
		{7A11DC95-C7C1-426A-A729-B630E3178330}.Release|Any CPU.Build.0 = Release|Any CPU
		{89662DCF-7DF4-4708-BDA1-42AE2C7E85B0}.Debug|Any CPU.ActiveCfg = Debug|Any CPU
		{89662DCF-7DF4-4708-BDA1-42AE2C7E85B0}.Debug|Any CPU.Build.0 = Debug|Any CPU
		{89662DCF-7DF4-4708-BDA1-42AE2C7E85B0}.Release|Any CPU.ActiveCfg = Release|Any CPU
		{89662DCF-7DF4-4708-BDA1-42AE2C7E85B0}.Release|Any CPU.Build.0 = Release|Any CPU
	EndGlobalSection
	GlobalSection(SolutionProperties) = preSolution
		HideSolutionNode = FALSE
	EndGlobalSection
	GlobalSection(ExtensibilityGlobals) = postSolution
		SolutionGuid = {7EE8D368-0EF5-40BE-9CEE-5DD11C244013}
	EndGlobalSection
EndGlobal
